
Microsoft Visual Studio Solution File, Format Version 12.00
# Visual Studio Version 17
VisualStudioVersion = 17.11.35222.181
MinimumVisualStudioVersion = 10.0.40219.1
Project("{888888A0-9F3D-457C-B088-3A5042F75D52}") = "Task1", "Task1\Task1.pyproj", "{E04A6F3A-0CA2-403A-97B0-311FC12E681D}"
EndProject
Project("{888888A0-9F3D-457C-B088-3A5042F75D52}") = "Task2", "Task2\Task2.pyproj", "{B4DB5AAB-A832-4687-B533-5C1A141F98F3}"
EndProject
Project("{888888A0-9F3D-457C-B088-3A5042F75D52}") = "Task3", "Task3\Task3.pyproj", "{4045D0F6-BE90-463E-BD25-ADE8BF5D9F7E}"
EndProject
Global
	GlobalSection(SolutionConfigurationPlatforms) = preSolution
		Debug|Any CPU = Debug|Any CPU
		Release|Any CPU = Release|Any CPU
	EndGlobalSection
	GlobalSection(ProjectConfigurationPlatforms) = postSolution
		{E04A6F3A-0CA2-403A-97B0-311FC12E681D}.Debug|Any CPU.ActiveCfg = Debug|Any CPU
		{E04A6F3A-0CA2-403A-97B0-311FC12E681D}.Release|Any CPU.ActiveCfg = Release|Any CPU
		{B4DB5AAB-A832-4687-B533-5C1A141F98F3}.Debug|Any CPU.ActiveCfg = Debug|Any CPU
		{B4DB5AAB-A832-4687-B533-5C1A141F98F3}.Release|Any CPU.ActiveCfg = Release|Any CPU
		{4045D0F6-BE90-463E-BD25-ADE8BF5D9F7E}.Debug|Any CPU.ActiveCfg = Debug|Any CPU
		{4045D0F6-BE90-463E-BD25-ADE8BF5D9F7E}.Release|Any CPU.ActiveCfg = Release|Any CPU
	EndGlobalSection
	GlobalSection(SolutionProperties) = preSolution
		HideSolutionNode = FALSE
	EndGlobalSection
	GlobalSection(ExtensibilityGlobals) = postSolution
		SolutionGuid = {7B98EC00-6B7A-4C72-8EFA-FBE0D5177D0A}
	EndGlobalSection
EndGlobal
