
Microsoft Visual Studio Solution File, Format Version 12.00
# Visual Studio Version 17
VisualStudioVersion = 17.11.35222.181
MinimumVisualStudioVersion = 10.0.40219.1
Project("{888888A0-9F3D-457C-B088-3A5042F75D52}") = "Task1", "Task1\Task1.pyproj", "{CD9A7EDD-00C3-4E9E-890E-88AF64370BA1}"
EndProject
Project("{888888A0-9F3D-457C-B088-3A5042F75D52}") = "Task2", "Task2\Task2.pyproj", "{8F45952F-D8C2-4CDB-9B88-95C90C04AF32}"
EndProject
Global
	GlobalSection(SolutionConfigurationPlatforms) = preSolution
		Debug|Any CPU = Debug|Any CPU
		Release|Any CPU = Release|Any CPU
	EndGlobalSection
	GlobalSection(ProjectConfigurationPlatforms) = postSolution
		{CD9A7EDD-00C3-4E9E-890E-88AF64370BA1}.Debug|Any CPU.ActiveCfg = Debug|Any CPU
		{CD9A7EDD-00C3-4E9E-890E-88AF64370BA1}.Release|Any CPU.ActiveCfg = Release|Any CPU
		{8F45952F-D8C2-4CDB-9B88-95C90C04AF32}.Debug|Any CPU.ActiveCfg = Debug|Any CPU
		{8F45952F-D8C2-4CDB-9B88-95C90C04AF32}.Release|Any CPU.ActiveCfg = Release|Any CPU
	EndGlobalSection
	GlobalSection(SolutionProperties) = preSolution
		HideSolutionNode = FALSE
	EndGlobalSection
	GlobalSection(ExtensibilityGlobals) = postSolution
		SolutionGuid = {9DDBD6D2-35DF-413D-A089-35D0AE4F0B3F}
	EndGlobalSection
EndGlobal
